# This file is automatically @generated by Cargo.
# It is not intended for manual editing.
version = 3

[[package]]
name = "autocfg"
version = "1.1.0"
source = "registry+https://github.com/rust-lang/crates.io-index"
checksum = "d468802bab17cbc0cc575e9b053f41e72aa36bfa6b7f55e3529ffa43161b97fa"

[[package]]
name = "base64"
version = "0.13.0"
source = "registry+https://github.com/rust-lang/crates.io-index"
checksum = "904dfeac50f3cdaba28fc6f57fdcddb75f49ed61346676a78c4ffe55877802fd"

[[package]]
name = "bitmaps"
version = "2.1.0"
source = "registry+https://github.com/rust-lang/crates.io-index"
checksum = "031043d04099746d8db04daf1fa424b2bc8bd69d92b25962dcde24da39ab64a2"
dependencies = [
 "typenum",
]

[[package]]
name = "example_add"
version = "0.0.0"
dependencies = [
 "stellar-contract-sdk",
]

[[package]]
name = "im-rc"
version = "15.1.0"
source = "registry+https://github.com/rust-lang/crates.io-index"
checksum = "af1955a75fa080c677d3972822ec4bad316169ab1cfc6c257a942c2265dbe5fe"
dependencies = [
 "bitmaps",
 "rand_core",
 "rand_xoshiro",
 "sized-chunks",
 "typenum",
 "version_check",
]

[[package]]
name = "num-bigint"
version = "0.4.3"
source = "registry+https://github.com/rust-lang/crates.io-index"
checksum = "f93ab6289c7b344a8a9f60f88d80aa20032336fe78da341afc91c8a2341fc75f"
dependencies = [
 "autocfg",
 "num-integer",
 "num-traits",
]

[[package]]
name = "num-integer"
version = "0.1.45"
source = "registry+https://github.com/rust-lang/crates.io-index"
checksum = "225d3389fb3509a24c93f5c29eb6bde2586b98d9f016636dff58d7c6f7569cd9"
dependencies = [
 "autocfg",
 "num-traits",
]

[[package]]
name = "num-rational"
version = "0.4.0"
source = "registry+https://github.com/rust-lang/crates.io-index"
checksum = "d41702bd167c2df5520b384281bc111a4b5efcf7fbc4c9c222c815b07e0a6a6a"
dependencies = [
 "autocfg",
 "num-bigint",
 "num-integer",
 "num-traits",
]

[[package]]
name = "num-traits"
version = "0.2.15"
source = "registry+https://github.com/rust-lang/crates.io-index"
checksum = "578ede34cf02f8924ab9447f50c28075b4d3e5b269972345e7e0372b38c6cdcd"
dependencies = [
 "autocfg",
]

[[package]]
name = "rand_core"
version = "0.6.3"
source = "registry+https://github.com/rust-lang/crates.io-index"
checksum = "d34f1408f55294453790c48b2f1ebbb1c5b4b7563eb1f418bcfcfdbb06ebb4e7"

[[package]]
name = "rand_xoshiro"
version = "0.6.0"
source = "registry+https://github.com/rust-lang/crates.io-index"
checksum = "6f97cdb2a36ed4183de61b2f824cc45c9f1037f28afe0a322e9fff4c108b5aaa"
dependencies = [
 "rand_core",
]

[[package]]
name = "sized-chunks"
version = "0.6.5"
source = "registry+https://github.com/rust-lang/crates.io-index"
checksum = "16d69225bde7a69b235da73377861095455d298f2b970996eec25ddbb42b3d1e"
dependencies = [
 "bitmaps",
 "typenum",
]

[[package]]
name = "static_assertions"
version = "1.1.0"
source = "registry+https://github.com/rust-lang/crates.io-index"
checksum = "a2eb9349b6444b326872e140eb1cf5e7c522154d69e7a0ffb0fb81c06b37543f"

[[package]]
name = "stellar-contract-env-common"
version = "0.0.0"
source = "git+https://github.com/stellar/rs-stellar-contract-env?branch=disablestdonguest#187621b1b192efcc488c3d050e51bf95cc450f24"
dependencies = [
 "static_assertions",
 "stellar-xdr",
]

[[package]]
name = "stellar-contract-env-common"
version = "0.0.0"
source = "git+https://github.com/stellar/rs-stellar-contract-env?rev=0de60ce4ec718b3d58c2ceb10dd8cad9ccb3e72a#0de60ce4ec718b3d58c2ceb10dd8cad9ccb3e72a"
dependencies = [
 "static_assertions",
 "stellar-xdr",
]

[[package]]
name = "stellar-contract-env-guest"
version = "0.0.0"
source = "git+https://github.com/stellar/rs-stellar-contract-env?branch=disablestdonguest#187621b1b192efcc488c3d050e51bf95cc450f24"
dependencies = [
 "stellar-contract-env-common 0.0.0 (git+https://github.com/stellar/rs-stellar-contract-env?branch=disablestdonguest)",
]

[[package]]
name = "stellar-contract-env-host"
version = "0.0.0"
source = "git+https://github.com/stellar/rs-stellar-contract-env?rev=0de60ce4ec718b3d58c2ceb10dd8cad9ccb3e72a#0de60ce4ec718b3d58c2ceb10dd8cad9ccb3e72a"
dependencies = [
 "im-rc",
 "num-bigint",
 "num-rational",
 "static_assertions",
 "stellar-contract-env-common 0.0.0 (git+https://github.com/stellar/rs-stellar-contract-env?rev=0de60ce4ec718b3d58c2ceb10dd8cad9ccb3e72a)",
]

[[package]]
name = "stellar-contract-sdk"
version = "0.0.0"
dependencies = [
 "im-rc",
 "num-bigint",
 "stellar-contract-env-guest",
 "stellar-contract-env-host",
]

[[package]]
name = "stellar-xdr"
version = "0.0.0"
source = "git+https://github.com/stellar/rs-stellar-xdr?rev=1fa7c3ebdefd6c78719ede6b294aa64e13077d2a#1fa7c3ebdefd6c78719ede6b294aa64e13077d2a"
dependencies = [
 "base64",
]

[[package]]
name = "typenum"
version = "1.15.0"
source = "registry+https://github.com/rust-lang/crates.io-index"
checksum = "dcf81ac59edc17cc8697ff311e8f5ef2d99fcbd9817b34cec66f90b6c3dfd987"

[[package]]
name = "version_check"
version = "0.9.4"
source = "registry+https://github.com/rust-lang/crates.io-index"
checksum = "49874b5167b65d7193b8aba1567f5c7d93d001cafc34600cee003eda787e483f"
